
Microsoft Visual Studio Solution File, Format Version 12.00
# Visual Studio Version 17
VisualStudioVersion = 17.2.32519.379
MinimumVisualStudioVersion = 10.0.40219.1
Project("{9A19103F-16F7-4668-BE54-9A1E7A4F7556}") = "Audiophile.API", "Audiophile.API.csproj", "{97AAFA89-538C-4B07-9EB8-CC046A60ADC5}"
EndProject
Project("{9A19103F-16F7-4668-BE54-9A1E7A4F7556}") = "Audiophile.Data", "..\Audiophile.Data\Audiophile.Data.csproj", "{1DA1DDA8-CE60-4B87-BA21-C6D3F60E548A}"
EndProject
Project("{9A19103F-16F7-4668-BE54-9A1E7A4F7556}") = "Audiophile.Domain", "..\Audiophile.Domain\Audiophile.Domain.csproj", "{413BF6D4-BD4A-4920-B40D-E502EDDFCF3C}"
EndProject
Project("{9A19103F-16F7-4668-BE54-9A1E7A4F7556}") = "Audiophile.BlazorUI", "..\Audiophile.BlazorUI\Audiophile.BlazorUI.csproj", "{B2C7D18A-DE80-4356-912A-D3AED5D45E04}"
EndProject
Global
	GlobalSection(SolutionConfigurationPlatforms) = preSolution
		Debug|Any CPU = Debug|Any CPU
		Release|Any CPU = Release|Any CPU
	EndGlobalSection
	GlobalSection(ProjectConfigurationPlatforms) = postSolution
		{97AAFA89-538C-4B07-9EB8-CC046A60ADC5}.Debug|Any CPU.ActiveCfg = Debug|Any CPU
		{97AAFA89-538C-4B07-9EB8-CC046A60ADC5}.Debug|Any CPU.Build.0 = Debug|Any CPU
		{97AAFA89-538C-4B07-9EB8-CC046A60ADC5}.Release|Any CPU.ActiveCfg = Release|Any CPU
		{97AAFA89-538C-4B07-9EB8-CC046A60ADC5}.Release|Any CPU.Build.0 = Release|Any CPU
		{1DA1DDA8-CE60-4B87-BA21-C6D3F60E548A}.Debug|Any CPU.ActiveCfg = Debug|Any CPU
		{1DA1DDA8-CE60-4B87-BA21-C6D3F60E548A}.Debug|Any CPU.Build.0 = Debug|Any CPU
		{1DA1DDA8-CE60-4B87-BA21-C6D3F60E548A}.Release|Any CPU.ActiveCfg = Release|Any CPU
		{1DA1DDA8-CE60-4B87-BA21-C6D3F60E548A}.Release|Any CPU.Build.0 = Release|Any CPU
		{413BF6D4-BD4A-4920-B40D-E502EDDFCF3C}.Debug|Any CPU.ActiveCfg = Debug|Any CPU
		{413BF6D4-BD4A-4920-B40D-E502EDDFCF3C}.Debug|Any CPU.Build.0 = Debug|Any CPU
		{413BF6D4-BD4A-4920-B40D-E502EDDFCF3C}.Release|Any CPU.ActiveCfg = Release|Any CPU
		{413BF6D4-BD4A-4920-B40D-E502EDDFCF3C}.Release|Any CPU.Build.0 = Release|Any CPU
		{B2C7D18A-DE80-4356-912A-D3AED5D45E04}.Debug|Any CPU.ActiveCfg = Debug|Any CPU
		{B2C7D18A-DE80-4356-912A-D3AED5D45E04}.Debug|Any CPU.Build.0 = Debug|Any CPU
		{B2C7D18A-DE80-4356-912A-D3AED5D45E04}.Release|Any CPU.ActiveCfg = Release|Any CPU
		{B2C7D18A-DE80-4356-912A-D3AED5D45E04}.Release|Any CPU.Build.0 = Release|Any CPU
	EndGlobalSection
	GlobalSection(SolutionProperties) = preSolution
		HideSolutionNode = FALSE
	EndGlobalSection
	GlobalSection(ExtensibilityGlobals) = postSolution
		SolutionGuid = {6958564C-9DE5-4CFA-B9CD-E3B3CEDF8022}
	EndGlobalSection
EndGlobal
